
Microsoft Visual Studio Solution File, Format Version 12.00
# Visual Studio Version 17
VisualStudioVersion = 17.11.35312.102
MinimumVisualStudioVersion = 10.0.40219.1
Project("{9A19103F-16F7-4668-BE54-9A1E7A4F7556}") = "WebApplication1", "WebApplication1.csproj", "{93E21ED8-7408-4A75-A86E-4A57BAC96FAE}"
EndProject
Global
	GlobalSection(SolutionConfigurationPlatforms) = preSolution
		Debug|Any CPU = Debug|Any CPU
		Release|Any CPU = Release|Any CPU
	EndGlobalSection
	GlobalSection(ProjectConfigurationPlatforms) = postSolution
		{93E21ED8-7408-4A75-A86E-4A57BAC96FAE}.Debug|Any CPU.ActiveCfg = Debug|Any CPU
		{93E21ED8-7408-4A75-A86E-4A57BAC96FAE}.Debug|Any CPU.Build.0 = Debug|Any CPU
		{93E21ED8-7408-4A75-A86E-4A57BAC96FAE}.Release|Any CPU.ActiveCfg = Release|Any CPU
		{93E21ED8-7408-4A75-A86E-4A57BAC96FAE}.Release|Any CPU.Build.0 = Release|Any CPU
	EndGlobalSection
	GlobalSection(SolutionProperties) = preSolution
		HideSolutionNode = FALSE
	EndGlobalSection
	GlobalSection(ExtensibilityGlobals) = postSolution
		SolutionGuid = {C3ABFFB0-2EC4-49B6-A5E2-93769513F678}
	EndGlobalSection
EndGlobal
